
Microsoft Visual Studio Solution File, Format Version 12.00
# Visual Studio Version 16
VisualStudioVersion = 16.0.31729.503
MinimumVisualStudioVersion = 10.0.40219.1
Project("{FAE04EC0-301F-11D3-BF4B-00C04F79EFBC}") = "Salvo", "Salvo\Salvo.csproj", "{34A36B6B-2222-4897-87A0-FC05D0D4D63C}"
EndProject
Global
	GlobalSection(SolutionConfigurationPlatforms) = preSolution
		Debug|Any CPU = Debug|Any CPU
		Release|Any CPU = Release|Any CPU
	EndGlobalSection
	GlobalSection(ProjectConfigurationPlatforms) = postSolution
		{34A36B6B-2222-4897-87A0-FC05D0D4D63C}.Debug|Any CPU.ActiveCfg = Debug|Any CPU
		{34A36B6B-2222-4897-87A0-FC05D0D4D63C}.Debug|Any CPU.Build.0 = Debug|Any CPU
		{34A36B6B-2222-4897-87A0-FC05D0D4D63C}.Release|Any CPU.ActiveCfg = Release|Any CPU
		{34A36B6B-2222-4897-87A0-FC05D0D4D63C}.Release|Any CPU.Build.0 = Release|Any CPU
	EndGlobalSection
	GlobalSection(SolutionProperties) = preSolution
		HideSolutionNode = FALSE
	EndGlobalSection
	GlobalSection(ExtensibilityGlobals) = postSolution
		SolutionGuid = {32AC963E-3E73-4822-AC09-C0EED936BEA1}
	EndGlobalSection
EndGlobal
